// !$*UTF8*$!
{
	archiveVersion = 1;
	classes = {
	};
	objectVersion = 48;
	objects = {

/* Begin PBXBuildFile section */
		2614C5D51FC53A040008D097 /* ScheduleViewController.swift in Sources */ = {isa = PBXBuildFile; fileRef = 2614C5D41FC53A040008D097 /* ScheduleViewController.swift */; };
		2641F4941FC3DC150049E978 /* AppDelegate.swift in Sources */ = {isa = PBXBuildFile; fileRef = 2641F4931FC3DC150049E978 /* AppDelegate.swift */; };
		2641F4961FC3DC150049E978 /* ViewController.swift in Sources */ = {isa = PBXBuildFile; fileRef = 2641F4951FC3DC150049E978 /* ViewController.swift */; };
		2641F4991FC3DC150049E978 /* Main.storyboard in Resources */ = {isa = PBXBuildFile; fileRef = 2641F4971FC3DC150049E978 /* Main.storyboard */; };
		2641F49B1FC3DC150049E978 /* Assets.xcassets in Resources */ = {isa = PBXBuildFile; fileRef = 2641F49A1FC3DC150049E978 /* Assets.xcassets */; };
		2641F49E1FC3DC150049E978 /* LaunchScreen.storyboard in Resources */ = {isa = PBXBuildFile; fileRef = 2641F49C1FC3DC150049E978 /* LaunchScreen.storyboard */; };
		2641F4A91FC3DC150049E978 /* conferenceAppTestTests.swift in Sources */ = {isa = PBXBuildFile; fileRef = 2641F4A81FC3DC150049E978 /* conferenceAppTestTests.swift */; };
		2641F4B41FC3DC150049E978 /* conferenceAppTestUITests.swift in Sources */ = {isa = PBXBuildFile; fileRef = 2641F4B31FC3DC150049E978 /* conferenceAppTestUITests.swift */; };
/* End PBXBuildFile section */

/* Begin PBXContainerItemProxy section */
		2641F4A51FC3DC150049E978 /* PBXContainerItemProxy */ = {
			isa = PBXContainerItemProxy;
			containerPortal = 2641F4881FC3DC150049E978 /* Project object */;
			proxyType = 1;
			remoteGlobalIDString = 2641F48F1FC3DC150049E978;
			remoteInfo = conferenceAppTest;
		};
		2641F4B01FC3DC150049E978 /* PBXContainerItemProxy */ = {
			isa = PBXContainerItemProxy;
			containerPortal = 2641F4881FC3DC150049E978 /* Project object */;
			proxyType = 1;
			remoteGlobalIDString = 2641F48F1FC3DC150049E978;
			remoteInfo = conferenceAppTest;
		};
/* End PBXContainerItemProxy section */

/* Begin PBXFileReference section */
		2614C5D41FC53A040008D097 /* ScheduleViewController.swift */ = {isa = PBXFileReference; lastKnownFileType = sourcecode.swift; path = ScheduleViewController.swift; sourceTree = "<group>"; };
		2641F4901FC3DC150049E978 /* conferenceAppTest.app */ = {isa = PBXFileReference; explicitFileType = wrapper.application; includeInIndex = 0; path = conferenceAppTest.app; sourceTree = BUILT_PRODUCTS_DIR; };
		2641F4931FC3DC150049E978 /* AppDelegate.swift */ = {isa = PBXFileReference; lastKnownFileType = sourcecode.swift; path = AppDelegate.swift; sourceTree = "<group>"; };
		2641F4951FC3DC150049E978 /* ViewController.swift */ = {isa = PBXFileReference; lastKnownFileType = sourcecode.swift; path = ViewController.swift; sourceTree = "<group>"; };
		2641F4981FC3DC150049E978 /* Base */ = {isa = PBXFileReference; lastKnownFileType = file.storyboard; name = Base; path = Base.lproj/Main.storyboard; sourceTree = "<group>"; };
		2641F49A1FC3DC150049E978 /* Assets.xcassets */ = {isa = PBXFileReference; lastKnownFileType = folder.assetcatalog; path = Assets.xcassets; sourceTree = "<group>"; };
		2641F49D1FC3DC150049E978 /* Base */ = {isa = PBXFileReference; lastKnownFileType = file.storyboard; name = Base; path = Base.lproj/LaunchScreen.storyboard; sourceTree = "<group>"; };
		2641F49F1FC3DC150049E978 /* Info.plist */ = {isa = PBXFileReference; lastKnownFileType = text.plist.xml; path = Info.plist; sourceTree = "<group>"; };
		2641F4A41FC3DC150049E978 /* conferenceAppTestTests.xctest */ = {isa = PBXFileReference; explicitFileType = wrapper.cfbundle; includeInIndex = 0; path = conferenceAppTestTests.xctest; sourceTree = BUILT_PRODUCTS_DIR; };
		2641F4A81FC3DC150049E978 /* conferenceAppTestTests.swift */ = {isa = PBXFileReference; lastKnownFileType = sourcecode.swift; path = conferenceAppTestTests.swift; sourceTree = "<group>"; };
		2641F4AA1FC3DC150049E978 /* Info.plist */ = {isa = PBXFileReference; lastKnownFileType = text.plist.xml; path = Info.plist; sourceTree = "<group>"; };
		2641F4AF1FC3DC150049E978 /* conferenceAppTestUITests.xctest */ = {isa = PBXFileReference; explicitFileType = wrapper.cfbundle; includeInIndex = 0; path = conferenceAppTestUITests.xctest; sourceTree = BUILT_PRODUCTS_DIR; };
		2641F4B31FC3DC150049E978 /* conferenceAppTestUITests.swift */ = {isa = PBXFileReference; lastKnownFileType = sourcecode.swift; path = conferenceAppTestUITests.swift; sourceTree = "<group>"; };
		2641F4B51FC3DC150049E978 /* Info.plist */ = {isa = PBXFileReference; lastKnownFileType = text.plist.xml; path = Info.plist; sourceTree = "<group>"; };
/* End PBXFileReference section */

/* Begin PBXFrameworksBuildPhase section */
		2641F48D1FC3DC150049E978 /* Frameworks */ = {
			isa = PBXFrameworksBuildPhase;
			buildActionMask = 2147483647;
			files = (
			);
			runOnlyForDeploymentPostprocessing = 0;
		};
		2641F4A11FC3DC150049E978 /* Frameworks */ = {
			isa = PBXFrameworksBuildPhase;
			buildActionMask = 2147483647;
			files = (
			);
			runOnlyForDeploymentPostprocessing = 0;
		};
		2641F4AC1FC3DC150049E978 /* Frameworks */ = {
			isa = PBXFrameworksBuildPhase;
			buildActionMask = 2147483647;
			files = (
			);
			runOnlyForDeploymentPostprocessing = 0;
		};
/* End PBXFrameworksBuildPhase section */

/* Begin PBXGroup section */
		2641F4871FC3DC150049E978 = {
			isa = PBXGroup;
			children = (
				2614C5D41FC53A040008D097 /* ScheduleViewController.swift */,
				2641F4921FC3DC150049E978 /* conferenceAppTest */,
				2641F4A71FC3DC150049E978 /* conferenceAppTestTests */,
				2641F4B21FC3DC150049E978 /* conferenceAppTestUITests */,
				2641F4911FC3DC150049E978 /* Products */,
			);
			sourceTree = "<group>";
		};
		2641F4911FC3DC150049E978 /* Products */ = {
			isa = PBXGroup;
			children = (
				2641F4901FC3DC150049E978 /* conferenceAppTest.app */,
				2641F4A41FC3DC150049E978 /* conferenceAppTestTests.xctest */,
				2641F4AF1FC3DC150049E978 /* conferenceAppTestUITests.xctest */,
			);
			name = Products;
			sourceTree = "<group>";
		};
		2641F4921FC3DC150049E978 /* conferenceAppTest */ = {
			isa = PBXGroup;
			children = (
				2641F4931FC3DC150049E978 /* AppDelegate.swift */,
				2641F4951FC3DC150049E978 /* ViewController.swift */,
				2641F4971FC3DC150049E978 /* Main.storyboard */,
				2641F49A1FC3DC150049E978 /* Assets.xcassets */,
				2641F49C1FC3DC150049E978 /* LaunchScreen.storyboard */,
				2641F49F1FC3DC150049E978 /* Info.plist */,
			);
			path = conferenceAppTest;
			sourceTree = "<group>";
		};
		2641F4A71FC3DC150049E978 /* conferenceAppTestTests */ = {
			isa = PBXGroup;
			children = (
				2641F4A81FC3DC150049E978 /* conferenceAppTestTests.swift */,
				2641F4AA1FC3DC150049E978 /* Info.plist */,
			);
			path = conferenceAppTestTests;
			sourceTree = "<group>";
		};
		2641F4B21FC3DC150049E978 /* conferenceAppTestUITests */ = {
			isa = PBXGroup;
			children = (
				2641F4B31FC3DC150049E978 /* conferenceAppTestUITests.swift */,
				2641F4B51FC3DC150049E978 /* Info.plist */,
			);
			path = conferenceAppTestUITests;
			sourceTree = "<group>";
		};
/* End PBXGroup section */

/* Begin PBXNativeTarget section */
		2641F48F1FC3DC150049E978 /* conferenceAppTest */ = {
			isa = PBXNativeTarget;
			buildConfigurationList = 2641F4B81FC3DC150049E978 /* Build configuration list for PBXNativeTarget "conferenceAppTest" */;
			buildPhases = (
				2641F48C1FC3DC150049E978 /* Sources */,
				2641F48D1FC3DC150049E978 /* Frameworks */,
				2641F48E1FC3DC150049E978 /* Resources */,
			);
			buildRules = (
			);
			dependencies = (
			);
			name = conferenceAppTest;
			productName = conferenceAppTest;
			productReference = 2641F4901FC3DC150049E978 /* conferenceAppTest.app */;
			productType = "com.apple.product-type.application";
		};
		2641F4A31FC3DC150049E978 /* conferenceAppTestTests */ = {
			isa = PBXNativeTarget;
			buildConfigurationList = 2641F4BB1FC3DC150049E978 /* Build configuration list for PBXNativeTarget "conferenceAppTestTests" */;
			buildPhases = (
				2641F4A01FC3DC150049E978 /* Sources */,
				2641F4A11FC3DC150049E978 /* Frameworks */,
				2641F4A21FC3DC150049E978 /* Resources */,
			);
			buildRules = (
			);
			dependencies = (
				2641F4A61FC3DC150049E978 /* PBXTargetDependency */,
			);
			name = conferenceAppTestTests;
			productName = conferenceAppTestTests;
			productReference = 2641F4A41FC3DC150049E978 /* conferenceAppTestTests.xctest */;
			productType = "com.apple.product-type.bundle.unit-test";
		};
		2641F4AE1FC3DC150049E978 /* conferenceAppTestUITests */ = {
			isa = PBXNativeTarget;
			buildConfigurationList = 2641F4BE1FC3DC150049E978 /* Build configuration list for PBXNativeTarget "conferenceAppTestUITests" */;
			buildPhases = (
				2641F4AB1FC3DC150049E978 /* Sources */,
				2641F4AC1FC3DC150049E978 /* Frameworks */,
				2641F4AD1FC3DC150049E978 /* Resources */,
			);
			buildRules = (
			);
			dependencies = (
				2641F4B11FC3DC150049E978 /* PBXTargetDependency */,
			);
			name = conferenceAppTestUITests;
			productName = conferenceAppTestUITests;
			productReference = 2641F4AF1FC3DC150049E978 /* conferenceAppTestUITests.xctest */;
			productType = "com.apple.product-type.bundle.ui-testing";
		};
/* End PBXNativeTarget section */

/* Begin PBXProject section */
		2641F4881FC3DC150049E978 /* Project object */ = {
			isa = PBXProject;
			attributes = {
				LastSwiftUpdateCheck = 0900;
				LastUpgradeCheck = 0900;
				ORGANIZATIONNAME = "Sarah Lochhead";
				TargetAttributes = {
					2641F48F1FC3DC150049E978 = {
						CreatedOnToolsVersion = 9.0.1;
						ProvisioningStyle = Automatic;
					};
					2641F4A31FC3DC150049E978 = {
						CreatedOnToolsVersion = 9.0.1;
						ProvisioningStyle = Automatic;
						TestTargetID = 2641F48F1FC3DC150049E978;
					};
					2641F4AE1FC3DC150049E978 = {
						CreatedOnToolsVersion = 9.0.1;
						ProvisioningStyle = Automatic;
						TestTargetID = 2641F48F1FC3DC150049E978;
					};
				};
			};
			buildConfigurationList = 2641F48B1FC3DC150049E978 /* Build configuration list for PBXProject "conferenceAppTest" */;
			compatibilityVersion = "Xcode 8.0";
			developmentRegion = en;
			hasScannedForEncodings = 0;
			knownRegions = (
				en,
				Base,
			);
			mainGroup = 2641F4871FC3DC150049E978;
			productRefGroup = 2641F4911FC3DC150049E978 /* Products */;
			projectDirPath = "";
			projectRoot = "";
			targets = (
				2641F48F1FC3DC150049E978 /* conferenceAppTest */,
				2641F4A31FC3DC150049E978 /* conferenceAppTestTests */,
				2641F4AE1FC3DC150049E978 /* conferenceAppTestUITests */,
			);
		};
/* End PBXProject section */

/* Begin PBXResourcesBuildPhase section */
		2641F48E1FC3DC150049E978 /* Resources */ = {
			isa = PBXResourcesBuildPhase;
			buildActionMask = 2147483647;
			files = (
				2641F49E1FC3DC150049E978 /* LaunchScreen.storyboard in Resources */,
				2641F49B1FC3DC150049E978 /* Assets.xcassets in Resources */,
				2641F4991FC3DC150049E978 /* Main.storyboard in Resources */,
			);
			runOnlyForDeploymentPostprocessing = 0;
		};
		2641F4A21FC3DC150049E978 /* Resources */ = {
			isa = PBXResourcesBuildPhase;
			buildActionMask = 2147483647;
			files = (
			);
			runOnlyForDeploymentPostprocessing = 0;
		};
		2641F4AD1FC3DC150049E978 /* Resources */ = {
			isa = PBXResourcesBuildPhase;
			buildActionMask = 2147483647;
			files = (
			);
			runOnlyForDeploymentPostprocessing = 0;
		};
/* End PBXResourcesBuildPhase section */

/* Begin PBXSourcesBuildPhase section */
		2641F48C1FC3DC150049E978 /* Sources */ = {
			isa = PBXSourcesBuildPhase;
			buildActionMask = 2147483647;
			files = (
				2614C5D51FC53A040008D097 /* ScheduleViewController.swift in Sources */,
				2641F4961FC3DC150049E978 /* ViewController.swift in Sources */,
				2641F4941FC3DC150049E978 /* AppDelegate.swift in Sources */,
			);
			runOnlyForDeploymentPostprocessing = 0;
		};
		2641F4A01FC3DC150049E978 /* Sources */ = {
			isa = PBXSourcesBuildPhase;
			buildActionMask = 2147483647;
			files = (
				2641F4A91FC3DC150049E978 /* conferenceAppTestTests.swift in Sources */,
			);
			runOnlyForDeploymentPostprocessing = 0;
		};
		2641F4AB1FC3DC150049E978 /* Sources */ = {
			isa = PBXSourcesBuildPhase;
			buildActionMask = 2147483647;
			files = (
				2641F4B41FC3DC150049E978 /* conferenceAppTestUITests.swift in Sources */,
			);
			runOnlyForDeploymentPostprocessing = 0;
		};
/* End PBXSourcesBuildPhase section */

/* Begin PBXTargetDependency section */
		2641F4A61FC3DC150049E978 /* PBXTargetDependency */ = {
			isa = PBXTargetDependency;
			target = 2641F48F1FC3DC150049E978 /* conferenceAppTest */;
			targetProxy = 2641F4A51FC3DC150049E978 /* PBXContainerItemProxy */;
		};
		2641F4B11FC3DC150049E978 /* PBXTargetDependency */ = {
			isa = PBXTargetDependency;
			target = 2641F48F1FC3DC150049E978 /* conferenceAppTest */;
			targetProxy = 2641F4B01FC3DC150049E978 /* PBXContainerItemProxy */;
		};
/* End PBXTargetDependency section */

/* Begin PBXVariantGroup section */
		2641F4971FC3DC150049E978 /* Main.storyboard */ = {
			isa = PBXVariantGroup;
			children = (
				2641F4981FC3DC150049E978 /* Base */,
			);
			name = Main.storyboard;
			sourceTree = "<group>";
		};
		2641F49C1FC3DC150049E978 /* LaunchScreen.storyboard */ = {
			isa = PBXVariantGroup;
			children = (
				2641F49D1FC3DC150049E978 /* Base */,
			);
			name = LaunchScreen.storyboard;
			sourceTree = "<group>";
		};
/* End PBXVariantGroup section */

/* Begin XCBuildConfiguration section */
		2641F4B61FC3DC150049E978 /* Debug */ = {
			isa = XCBuildConfiguration;
			buildSettings = {
				ALWAYS_SEARCH_USER_PATHS = NO;
				CLANG_ANALYZER_NONNULL = YES;
				CLANG_ANALYZER_NUMBER_OBJECT_CONVERSION = YES_AGGRESSIVE;
				CLANG_CXX_LANGUAGE_STANDARD = "gnu++14";
				CLANG_CXX_LIBRARY = "libc++";
				CLANG_ENABLE_MODULES = YES;
				CLANG_ENABLE_OBJC_ARC = YES;
				CLANG_WARN_BLOCK_CAPTURE_AUTORELEASING = YES;
				CLANG_WARN_BOOL_CONVERSION = YES;
				CLANG_WARN_COMMA = YES;
				CLANG_WARN_CONSTANT_CONVERSION = YES;
				CLANG_WARN_DIRECT_OBJC_ISA_USAGE = YES_ERROR;
				CLANG_WARN_DOCUMENTATION_COMMENTS = YES;
				CLANG_WARN_EMPTY_BODY = YES;
				CLANG_WARN_ENUM_CONVERSION = YES;
				CLANG_WARN_INFINITE_RECURSION = YES;
				CLANG_WARN_INT_CONVERSION = YES;
				CLANG_WARN_NON_LITERAL_NULL_CONVERSION = YES;
				CLANG_WARN_OBJC_LITERAL_CONVERSION = YES;
				CLANG_WARN_OBJC_ROOT_CLASS = YES_ERROR;
				CLANG_WARN_RANGE_LOOP_ANALYSIS = YES;
				CLANG_WARN_STRICT_PROTOTYPES = YES;
				CLANG_WARN_SUSPICIOUS_MOVE = YES;
				CLANG_WARN_UNGUARDED_AVAILABILITY = YES_AGGRESSIVE;
				CLANG_WARN_UNREACHABLE_CODE = YES;
				CLANG_WARN__DUPLICATE_METHOD_MATCH = YES;
				CODE_SIGN_IDENTITY = "iPhone Developer";
				COPY_PHASE_STRIP = NO;
				DEBUG_INFORMATION_FORMAT = dwarf;
				ENABLE_STRICT_OBJC_MSGSEND = YES;
				ENABLE_TESTABILITY = YES;
				GCC_C_LANGUAGE_STANDARD = gnu11;
				GCC_DYNAMIC_NO_PIC = NO;
				GCC_NO_COMMON_BLOCKS = YES;
				GCC_OPTIMIZATION_LEVEL = 0;
				GCC_PREPROCESSOR_DEFINITIONS = (
					"DEBUG=1",
					"$(inherited)",
				);
				GCC_WARN_64_TO_32_BIT_CONVERSION = YES;
				GCC_WARN_ABOUT_RETURN_TYPE = YES_ERROR;
				GCC_WARN_UNDECLARED_SELECTOR = YES;
				GCC_WARN_UNINITIALIZED_AUTOS = YES_AGGRESSIVE;
				GCC_WARN_UNUSED_FUNCTION = YES;
				GCC_WARN_UNUSED_VARIABLE = YES;
				IPHONEOS_DEPLOYMENT_TARGET = 11.0;
				MTL_ENABLE_DEBUG_INFO = YES;
				ONLY_ACTIVE_ARCH = YES;
				SDKROOT = iphoneos;
				SWIFT_ACTIVE_COMPILATION_CONDITIONS = DEBUG;
				SWIFT_OPTIMIZATION_LEVEL = "-Onone";
			};
			name = Debug;
		};
		2641F4B71FC3DC150049E978 /* Release */ = {
			isa = XCBuildConfiguration;
			buildSettings = {
				ALWAYS_SEARCH_USER_PATHS = NO;
				CLANG_ANALYZER_NONNULL = YES;
				CLANG_ANALYZER_NUMBER_OBJECT_CONVERSION = YES_AGGRESSIVE;
				CLANG_CXX_LANGUAGE_STANDARD = "gnu++14";
				CLANG_CXX_LIBRARY = "libc++";
				CLANG_ENABLE_MODULES = YES;
				CLANG_ENABLE_OBJC_ARC = YES;
				CLANG_WARN_BLOCK_CAPTURE_AUTORELEASING = YES;
				CLANG_WARN_BOOL_CONVERSION = YES;
				CLANG_WARN_COMMA = YES;
				CLANG_WARN_CONSTANT_CONVERSION = YES;
				CLANG_WARN_DIRECT_OBJC_ISA_USAGE = YES_ERROR;
				CLANG_WARN_DOCUMENTATION_COMMENTS = YES;
				CLANG_WARN_EMPTY_BODY = YES;
				CLANG_WARN_ENUM_CONVERSION = YES;
				CLANG_WARN_INFINITE_RECURSION = YES;
				CLANG_WARN_INT_CONVERSION = YES;
				CLANG_WARN_NON_LITERAL_NULL_CONVERSION = YES;
				CLANG_WARN_OBJC_LITERAL_CONVERSION = YES;
				CLANG_WARN_OBJC_ROOT_CLASS = YES_ERROR;
				CLANG_WARN_RANGE_LOOP_ANALYSIS = YES;
				CLANG_WARN_STRICT_PROTOTYPES = YES;
				CLANG_WARN_SUSPICIOUS_MOVE = YES;
				CLANG_WARN_UNGUARDED_AVAILABILITY = YES_AGGRESSIVE;
				CLANG_WARN_UNREACHABLE_CODE = YES;
				CLANG_WARN__DUPLICATE_METHOD_MATCH = YES;
				CODE_SIGN_IDENTITY = "iPhone Developer";
				COPY_PHASE_STRIP = NO;
				DEBUG_INFORMATION_FORMAT = "dwarf-with-dsym";
				ENABLE_NS_ASSERTIONS = NO;
				ENABLE_STRICT_OBJC_MSGSEND = YES;
				GCC_C_LANGUAGE_STANDARD = gnu11;
				GCC_NO_COMMON_BLOCKS = YES;
				GCC_WARN_64_TO_32_BIT_CONVERSION = YES;
				GCC_WARN_ABOUT_RETURN_TYPE = YES_ERROR;
				GCC_WARN_UNDECLARED_SELECTOR = YES;
				GCC_WARN_UNINITIALIZED_AUTOS = YES_AGGRESSIVE;
				GCC_WARN_UNUSED_FUNCTION = YES;
				GCC_WARN_UNUSED_VARIABLE = YES;
				IPHONEOS_DEPLOYMENT_TARGET = 11.0;
				MTL_ENABLE_DEBUG_INFO = NO;
				SDKROOT = iphoneos;
				SWIFT_OPTIMIZATION_LEVEL = "-Owholemodule";
				VALIDATE_PRODUCT = YES;
			};
			name = Release;
		};
		2641F4B91FC3DC150049E978 /* Debug */ = {
			isa = XCBuildConfiguration;
			buildSettings = {
				ASSETCATALOG_COMPILER_APPICON_NAME = AppIcon;
				CODE_SIGN_STYLE = Automatic;
				INFOPLIST_FILE = conferenceAppTest/Info.plist;
				LD_RUNPATH_SEARCH_PATHS = "$(inherited) @executable_path/Frameworks";
				PRODUCT_BUNDLE_IDENTIFIER = com.lochhead.test.conferenceAppTest;
				PRODUCT_NAME = "$(TARGET_NAME)";
				SWIFT_VERSION = 4.0;
				TARGETED_DEVICE_FAMILY = "1,2";
			};
			name = Debug;
		};
		2641F4BA1FC3DC150049E978 /* Release */ = {
			isa = XCBuildConfiguration;
			buildSettings = {
				ASSETCATALOG_COMPILER_APPICON_NAME = AppIcon;
				CODE_SIGN_STYLE = Automatic;
				INFOPLIST_FILE = conferenceAppTest/Info.plist;
				LD_RUNPATH_SEARCH_PATHS = "$(inherited) @executable_path/Frameworks";
				PRODUCT_BUNDLE_IDENTIFIER = com.lochhead.test.conferenceAppTest;
				PRODUCT_NAME = "$(TARGET_NAME)";
				SWIFT_VERSION = 4.0;
				TARGETED_DEVICE_FAMILY = "1,2";
			};
			name = Release;
		};
		2641F4BC1FC3DC150049E978 /* Debug */ = {
			isa = XCBuildConfiguration;
			buildSettings = {
				ALWAYS_EMBED_SWIFT_STANDARD_LIBRARIES = YES;
				BUNDLE_LOADER = "$(TEST_HOST)";
				CODE_SIGN_STYLE = Automatic;
				INFOPLIST_FILE = conferenceAppTestTests/Info.plist;
				LD_RUNPATH_SEARCH_PATHS = "$(inherited) @executable_path/Frameworks @loader_path/Frameworks";
				PRODUCT_BUNDLE_IDENTIFIER = com.lochhead.test.conferenceAppTestTests;
				PRODUCT_NAME = "$(TARGET_NAME)";
				SWIFT_VERSION = 4.0;
				TARGETED_DEVICE_FAMILY = "1,2";
				TEST_HOST = "$(BUILT_PRODUCTS_DIR)/conferenceAppTest.app/conferenceAppTest";
			};
			name = Debug;
		};
		2641F4BD1FC3DC150049E978 /* Release */ = {
			isa = XCBuildConfiguration;
			buildSettings = {
				ALWAYS_EMBED_SWIFT_STANDARD_LIBRARIES = YES;
				BUNDLE_LOADER = "$(TEST_HOST)";
				CODE_SIGN_STYLE = Automatic;
				INFOPLIST_FILE = conferenceAppTestTests/Info.plist;
				LD_RUNPATH_SEARCH_PATHS = "$(inherited) @executable_path/Frameworks @loader_path/Frameworks";
				PRODUCT_BUNDLE_IDENTIFIER = com.lochhead.test.conferenceAppTestTests;
				PRODUCT_NAME = "$(TARGET_NAME)";
				SWIFT_VERSION = 4.0;
				TARGETED_DEVICE_FAMILY = "1,2";
				TEST_HOST = "$(BUILT_PRODUCTS_DIR)/conferenceAppTest.app/conferenceAppTest";
			};
			name = Release;
		};
		2641F4BF1FC3DC150049E978 /* Debug */ = {
			isa = XCBuildConfiguration;
			buildSettings = {
				ALWAYS_EMBED_SWIFT_STANDARD_LIBRARIES = YES;
				CODE_SIGN_STYLE = Automatic;
				INFOPLIST_FILE = conferenceAppTestUITests/Info.plist;
				LD_RUNPATH_SEARCH_PATHS = "$(inherited) @executable_path/Frameworks @loader_path/Frameworks";
				PRODUCT_BUNDLE_IDENTIFIER = com.lochhead.test.conferenceAppTestUITests;
				PRODUCT_NAME = "$(TARGET_NAME)";
				SWIFT_VERSION = 4.0;
				TARGETED_DEVICE_FAMILY = "1,2";
				TEST_TARGET_NAME = conferenceAppTest;
			};
			name = Debug;
		};
		2641F4C01FC3DC150049E978 /* Release */ = {
			isa = XCBuildConfiguration;
			buildSettings = {
				ALWAYS_EMBED_SWIFT_STANDARD_LIBRARIES = YES;
				CODE_SIGN_STYLE = Automatic;
				INFOPLIST_FILE = conferenceAppTestUITests/Info.plist;
				LD_RUNPATH_SEARCH_PATHS = "$(inherited) @executable_path/Frameworks @loader_path/Frameworks";
				PRODUCT_BUNDLE_IDENTIFIER = com.lochhead.test.conferenceAppTestUITests;
				PRODUCT_NAME = "$(TARGET_NAME)";
				SWIFT_VERSION = 4.0;
				TARGETED_DEVICE_FAMILY = "1,2";
				TEST_TARGET_NAME = conferenceAppTest;
			};
			name = Release;
		};
/* End XCBuildConfiguration section */

/* Begin XCConfigurationList section */
		2641F48B1FC3DC150049E978 /* Build configuration list for PBXProject "conferenceAppTest" */ = {
			isa = XCConfigurationList;
			buildConfigurations = (
				2641F4B61FC3DC150049E978 /* Debug */,
				2641F4B71FC3DC150049E978 /* Release */,
			);
			defaultConfigurationIsVisible = 0;
			defaultConfigurationName = Release;
		};
		2641F4B81FC3DC150049E978 /* Build configuration list for PBXNativeTarget "conferenceAppTest" */ = {
			isa = XCConfigurationList;
			buildConfigurations = (
				2641F4B91FC3DC150049E978 /* Debug */,
				2641F4BA1FC3DC150049E978 /* Release */,
			);
			defaultConfigurationIsVisible = 0;
			defaultConfigurationName = Release;
		};
		2641F4BB1FC3DC150049E978 /* Build configuration list for PBXNativeTarget "conferenceAppTestTests" */ = {
			isa = XCConfigurationList;
			buildConfigurations = (
				2641F4BC1FC3DC150049E978 /* Debug */,
				2641F4BD1FC3DC150049E978 /* Release */,
			);
			defaultConfigurationIsVisible = 0;
			defaultConfigurationName = Release;
		};
		2641F4BE1FC3DC150049E978 /* Build configuration list for PBXNativeTarget "conferenceAppTestUITests" */ = {
			isa = XCConfigurationList;
			buildConfigurations = (
				2641F4BF1FC3DC150049E978 /* Debug */,
				2641F4C01FC3DC150049E978 /* Release */,
			);
			defaultConfigurationIsVisible = 0;
			defaultConfigurationName = Release;
		};
/* End XCConfigurationList section */
	};
	rootObject = 2641F4881FC3DC150049E978 /* Project object */;
}
